
Microsoft Visual Studio Solution File, Format Version 12.00
# Visual Studio Version 16
VisualStudioVersion = 16.0.31112.23
MinimumVisualStudioVersion = 10.0.40219.1
Project("{FAE04EC0-301F-11D3-BF4B-00C04F79EFBC}") = "HM events", "HM events\HM events.csproj", "{7EE6A774-B1E2-4C2B-80C0-5ECD89C59AB2}"
EndProject
Global
	GlobalSection(SolutionConfigurationPlatforms) = preSolution
		Debug|Any CPU = Debug|Any CPU
		Release|Any CPU = Release|Any CPU
	EndGlobalSection
	GlobalSection(ProjectConfigurationPlatforms) = postSolution
		{7EE6A774-B1E2-4C2B-80C0-5ECD89C59AB2}.Debug|Any CPU.ActiveCfg = Debug|Any CPU
		{7EE6A774-B1E2-4C2B-80C0-5ECD89C59AB2}.Debug|Any CPU.Build.0 = Debug|Any CPU
		{7EE6A774-B1E2-4C2B-80C0-5ECD89C59AB2}.Release|Any CPU.ActiveCfg = Release|Any CPU
		{7EE6A774-B1E2-4C2B-80C0-5ECD89C59AB2}.Release|Any CPU.Build.0 = Release|Any CPU
	EndGlobalSection
	GlobalSection(SolutionProperties) = preSolution
		HideSolutionNode = FALSE
	EndGlobalSection
	GlobalSection(ExtensibilityGlobals) = postSolution
		SolutionGuid = {74A0A5D2-71FD-45CA-A015-F092FA1CA1BE}
	EndGlobalSection
EndGlobal
