
Microsoft Visual Studio Solution File, Format Version 12.00
# Visual Studio Version 16
VisualStudioVersion = 16.0.31112.23
MinimumVisualStudioVersion = 10.0.40219.1
Project("{FAE04EC0-301F-11D3-BF4B-00C04F79EFBC}") = "Register form", "Register form\Register form.csproj", "{8F9C6B83-0CB5-43BD-9225-BF6C5F895682}"
EndProject
Global
	GlobalSection(SolutionConfigurationPlatforms) = preSolution
		Debug|Any CPU = Debug|Any CPU
		Release|Any CPU = Release|Any CPU
	EndGlobalSection
	GlobalSection(ProjectConfigurationPlatforms) = postSolution
		{8F9C6B83-0CB5-43BD-9225-BF6C5F895682}.Debug|Any CPU.ActiveCfg = Debug|Any CPU
		{8F9C6B83-0CB5-43BD-9225-BF6C5F895682}.Debug|Any CPU.Build.0 = Debug|Any CPU
		{8F9C6B83-0CB5-43BD-9225-BF6C5F895682}.Release|Any CPU.ActiveCfg = Release|Any CPU
		{8F9C6B83-0CB5-43BD-9225-BF6C5F895682}.Release|Any CPU.Build.0 = Release|Any CPU
	EndGlobalSection
	GlobalSection(SolutionProperties) = preSolution
		HideSolutionNode = FALSE
	EndGlobalSection
	GlobalSection(ExtensibilityGlobals) = postSolution
		SolutionGuid = {782ED890-C95F-44F9-865F-C73B57D61C58}
	EndGlobalSection
EndGlobal
